// !$*UTF8*$!
{
	archiveVersion = 1;
	classes = {
	};
	objectVersion = 48;
	objects = {

/* Begin PBXBuildFile section */
		17923CAB2406C9FC00C22FDE /* AppDelegate.swift in Sources */ = {isa = PBXBuildFile; fileRef = 17923CAA2406C9FC00C22FDE /* AppDelegate.swift */; };
		17923CAD2406C9FC00C22FDE /* SceneDelegate.swift in Sources */ = {isa = PBXBuildFile; fileRef = 17923CAC2406C9FC00C22FDE /* SceneDelegate.swift */; };
		17923CAF2406C9FC00C22FDE /* ViewController.swift in Sources */ = {isa = PBXBuildFile; fileRef = 17923CAE2406C9FC00C22FDE /* ViewController.swift */; };
		17923CB22406C9FC00C22FDE /* Main.storyboard in Resources */ = {isa = PBXBuildFile; fileRef = 17923CB02406C9FC00C22FDE /* Main.storyboard */; };
		17923CB42406C9FD00C22FDE /* Assets.xcassets in Resources */ = {isa = PBXBuildFile; fileRef = 17923CB32406C9FD00C22FDE /* Assets.xcassets */; };
		17923CB72406C9FD00C22FDE /* LaunchScreen.storyboard in Resources */ = {isa = PBXBuildFile; fileRef = 17923CB52406C9FD00C22FDE /* LaunchScreen.storyboard */; };
		17923CC22406C9FD00C22FDE /* GroceriesTrackerTests.swift in Sources */ = {isa = PBXBuildFile; fileRef = 17923CC12406C9FD00C22FDE /* GroceriesTrackerTests.swift */; };
		17923CCD2406C9FD00C22FDE /* GroceriesTrackerUITests.swift in Sources */ = {isa = PBXBuildFile; fileRef = 17923CCC2406C9FD00C22FDE /* GroceriesTrackerUITests.swift */; };
		17923CDB2406CABE00C22FDE /* TaskCell.swift in Sources */ = {isa = PBXBuildFile; fileRef = 17923CDA2406CABE00C22FDE /* TaskCell.swift */; };
		17923CDD2406CAE300C22FDE /* AddTaskController.swift in Sources */ = {isa = PBXBuildFile; fileRef = 17923CDC2406CAE300C22FDE /* AddTaskController.swift */; };
/* End PBXBuildFile section */

/* Begin PBXContainerItemProxy section */
		17923CBE2406C9FD00C22FDE /* PBXContainerItemProxy */ = {
			isa = PBXContainerItemProxy;
			containerPortal = 17923C9F2406C9FC00C22FDE /* Project object */;
			proxyType = 1;
			remoteGlobalIDString = 17923CA62406C9FC00C22FDE;
			remoteInfo = GroceriesTracker;
		};
		17923CC92406C9FD00C22FDE /* PBXContainerItemProxy */ = {
			isa = PBXContainerItemProxy;
			containerPortal = 17923C9F2406C9FC00C22FDE /* Project object */;
			proxyType = 1;
			remoteGlobalIDString = 17923CA62406C9FC00C22FDE;
			remoteInfo = GroceriesTracker;
		};
/* End PBXContainerItemProxy section */

/* Begin PBXFileReference section */
		17923CA72406C9FC00C22FDE /* GroceriesTracker.app */ = {isa = PBXFileReference; explicitFileType = wrapper.application; includeInIndex = 0; path = GroceriesTracker.app; sourceTree = BUILT_PRODUCTS_DIR; };
		17923CAA2406C9FC00C22FDE /* AppDelegate.swift */ = {isa = PBXFileReference; lastKnownFileType = sourcecode.swift; path = AppDelegate.swift; sourceTree = "<group>"; };
		17923CAC2406C9FC00C22FDE /* SceneDelegate.swift */ = {isa = PBXFileReference; lastKnownFileType = sourcecode.swift; path = SceneDelegate.swift; sourceTree = "<group>"; };
		17923CAE2406C9FC00C22FDE /* ViewController.swift */ = {isa = PBXFileReference; lastKnownFileType = sourcecode.swift; path = ViewController.swift; sourceTree = "<group>"; };
		17923CB12406C9FC00C22FDE /* Base */ = {isa = PBXFileReference; lastKnownFileType = file.storyboard; name = Base; path = Base.lproj/Main.storyboard; sourceTree = "<group>"; };
		17923CB32406C9FD00C22FDE /* Assets.xcassets */ = {isa = PBXFileReference; lastKnownFileType = folder.assetcatalog; path = Assets.xcassets; sourceTree = "<group>"; };
		17923CB62406C9FD00C22FDE /* Base */ = {isa = PBXFileReference; lastKnownFileType = file.storyboard; name = Base; path = Base.lproj/LaunchScreen.storyboard; sourceTree = "<group>"; };
		17923CB82406C9FD00C22FDE /* Info.plist */ = {isa = PBXFileReference; lastKnownFileType = text.plist.xml; path = Info.plist; sourceTree = "<group>"; };
		17923CBD2406C9FD00C22FDE /* GroceriesTrackerTests.xctest */ = {isa = PBXFileReference; explicitFileType = wrapper.cfbundle; includeInIndex = 0; path = GroceriesTrackerTests.xctest; sourceTree = BUILT_PRODUCTS_DIR; };
		17923CC12406C9FD00C22FDE /* GroceriesTrackerTests.swift */ = {isa = PBXFileReference; lastKnownFileType = sourcecode.swift; path = GroceriesTrackerTests.swift; sourceTree = "<group>"; };
		17923CC32406C9FD00C22FDE /* Info.plist */ = {isa = PBXFileReference; lastKnownFileType = text.plist.xml; path = Info.plist; sourceTree = "<group>"; };
		17923CC82406C9FD00C22FDE /* GroceriesTrackerUITests.xctest */ = {isa = PBXFileReference; explicitFileType = wrapper.cfbundle; includeInIndex = 0; path = GroceriesTrackerUITests.xctest; sourceTree = BUILT_PRODUCTS_DIR; };
		17923CCC2406C9FD00C22FDE /* GroceriesTrackerUITests.swift */ = {isa = PBXFileReference; lastKnownFileType = sourcecode.swift; path = GroceriesTrackerUITests.swift; sourceTree = "<group>"; };
		17923CCE2406C9FD00C22FDE /* Info.plist */ = {isa = PBXFileReference; lastKnownFileType = text.plist.xml; path = Info.plist; sourceTree = "<group>"; };
		17923CDA2406CABE00C22FDE /* TaskCell.swift */ = {isa = PBXFileReference; lastKnownFileType = sourcecode.swift; path = TaskCell.swift; sourceTree = "<group>"; };
		17923CDC2406CAE300C22FDE /* AddTaskController.swift */ = {isa = PBXFileReference; lastKnownFileType = sourcecode.swift; path = AddTaskController.swift; sourceTree = "<group>"; };
/* End PBXFileReference section */

/* Begin PBXFrameworksBuildPhase section */
		17923CA42406C9FC00C22FDE /* Frameworks */ = {
			isa = PBXFrameworksBuildPhase;
			buildActionMask = 2147483647;
			files = (
			);
			runOnlyForDeploymentPostprocessing = 0;
		};
		17923CBA2406C9FD00C22FDE /* Frameworks */ = {
			isa = PBXFrameworksBuildPhase;
			buildActionMask = 2147483647;
			files = (
			);
			runOnlyForDeploymentPostprocessing = 0;
		};
		17923CC52406C9FD00C22FDE /* Frameworks */ = {
			isa = PBXFrameworksBuildPhase;
			buildActionMask = 2147483647;
			files = (
			);
			runOnlyForDeploymentPostprocessing = 0;
		};
/* End PBXFrameworksBuildPhase section */

/* Begin PBXGroup section */
		17923C9E2406C9FC00C22FDE = {
			isa = PBXGroup;
			children = (
				17923CA92406C9FC00C22FDE /* GroceriesTracker */,
				17923CC02406C9FD00C22FDE /* GroceriesTrackerTests */,
				17923CCB2406C9FD00C22FDE /* GroceriesTrackerUITests */,
				17923CA82406C9FC00C22FDE /* Products */,
			);
			sourceTree = "<group>";
		};
		17923CA82406C9FC00C22FDE /* Products */ = {
			isa = PBXGroup;
			children = (
				17923CA72406C9FC00C22FDE /* GroceriesTracker.app */,
				17923CBD2406C9FD00C22FDE /* GroceriesTrackerTests.xctest */,
				17923CC82406C9FD00C22FDE /* GroceriesTrackerUITests.xctest */,
			);
			name = Products;
			sourceTree = "<group>";
		};
		17923CA92406C9FC00C22FDE /* GroceriesTracker */ = {
			isa = PBXGroup;
			children = (
				17923CAA2406C9FC00C22FDE /* AppDelegate.swift */,
				17923CAC2406C9FC00C22FDE /* SceneDelegate.swift */,
				17923CAE2406C9FC00C22FDE /* ViewController.swift */,
				17923CB02406C9FC00C22FDE /* Main.storyboard */,
				17923CB32406C9FD00C22FDE /* Assets.xcassets */,
				17923CB52406C9FD00C22FDE /* LaunchScreen.storyboard */,
				17923CB82406C9FD00C22FDE /* Info.plist */,
				17923CDA2406CABE00C22FDE /* TaskCell.swift */,
				17923CDC2406CAE300C22FDE /* AddTaskController.swift */,
			);
			path = GroceriesTracker;
			sourceTree = "<group>";
		};
		17923CC02406C9FD00C22FDE /* GroceriesTrackerTests */ = {
			isa = PBXGroup;
			children = (
				17923CC12406C9FD00C22FDE /* GroceriesTrackerTests.swift */,
				17923CC32406C9FD00C22FDE /* Info.plist */,
			);
			path = GroceriesTrackerTests;
			sourceTree = "<group>";
		};
		17923CCB2406C9FD00C22FDE /* GroceriesTrackerUITests */ = {
			isa = PBXGroup;
			children = (
				17923CCC2406C9FD00C22FDE /* GroceriesTrackerUITests.swift */,
				17923CCE2406C9FD00C22FDE /* Info.plist */,
			);
			path = GroceriesTrackerUITests;
			sourceTree = "<group>";
		};
/* End PBXGroup section */

/* Begin PBXNativeTarget section */
		17923CA62406C9FC00C22FDE /* GroceriesTracker */ = {
			isa = PBXNativeTarget;
			buildConfigurationList = 17923CD12406C9FD00C22FDE /* Build configuration list for PBXNativeTarget "GroceriesTracker" */;
			buildPhases = (
				17923CA32406C9FC00C22FDE /* Sources */,
				17923CA42406C9FC00C22FDE /* Frameworks */,
				17923CA52406C9FC00C22FDE /* Resources */,
			);
			buildRules = (
			);
			dependencies = (
			);
			name = GroceriesTracker;
			productName = GroceriesTracker;
			productReference = 17923CA72406C9FC00C22FDE /* GroceriesTracker.app */;
			productType = "com.apple.product-type.application";
		};
		17923CBC2406C9FD00C22FDE /* GroceriesTrackerTests */ = {
			isa = PBXNativeTarget;
			buildConfigurationList = 17923CD42406C9FD00C22FDE /* Build configuration list for PBXNativeTarget "GroceriesTrackerTests" */;
			buildPhases = (
				17923CB92406C9FD00C22FDE /* Sources */,
				17923CBA2406C9FD00C22FDE /* Frameworks */,
				17923CBB2406C9FD00C22FDE /* Resources */,
			);
			buildRules = (
			);
			dependencies = (
				17923CBF2406C9FD00C22FDE /* PBXTargetDependency */,
			);
			name = GroceriesTrackerTests;
			productName = GroceriesTrackerTests;
			productReference = 17923CBD2406C9FD00C22FDE /* GroceriesTrackerTests.xctest */;
			productType = "com.apple.product-type.bundle.unit-test";
		};
		17923CC72406C9FD00C22FDE /* GroceriesTrackerUITests */ = {
			isa = PBXNativeTarget;
			buildConfigurationList = 17923CD72406C9FD00C22FDE /* Build configuration list for PBXNativeTarget "GroceriesTrackerUITests" */;
			buildPhases = (
				17923CC42406C9FD00C22FDE /* Sources */,
				17923CC52406C9FD00C22FDE /* Frameworks */,
				17923CC62406C9FD00C22FDE /* Resources */,
			);
			buildRules = (
			);
			dependencies = (
				17923CCA2406C9FD00C22FDE /* PBXTargetDependency */,
			);
			name = GroceriesTrackerUITests;
			productName = GroceriesTrackerUITests;
			productReference = 17923CC82406C9FD00C22FDE /* GroceriesTrackerUITests.xctest */;
			productType = "com.apple.product-type.bundle.ui-testing";
		};
/* End PBXNativeTarget section */

/* Begin PBXProject section */
		17923C9F2406C9FC00C22FDE /* Project object */ = {
			isa = PBXProject;
			attributes = {
				LastSwiftUpdateCheck = 1130;
				LastUpgradeCheck = 1130;
				ORGANIZATIONNAME = "Jones, Isaac";
				TargetAttributes = {
					17923CA62406C9FC00C22FDE = {
						CreatedOnToolsVersion = 11.3.1;
						ProvisioningStyle = Automatic;
					};
					17923CBC2406C9FD00C22FDE = {
						CreatedOnToolsVersion = 11.3.1;
						ProvisioningStyle = Automatic;
						TestTargetID = 17923CA62406C9FC00C22FDE;
					};
					17923CC72406C9FD00C22FDE = {
						CreatedOnToolsVersion = 11.3.1;
						ProvisioningStyle = Automatic;
						TestTargetID = 17923CA62406C9FC00C22FDE;
					};
				};
			};
			buildConfigurationList = 17923CA22406C9FC00C22FDE /* Build configuration list for PBXProject "GroceriesTracker" */;
			compatibilityVersion = "Xcode 8.0";
			developmentRegion = en;
			hasScannedForEncodings = 0;
			knownRegions = (
				en,
				Base,
			);
			mainGroup = 17923C9E2406C9FC00C22FDE;
			productRefGroup = 17923CA82406C9FC00C22FDE /* Products */;
			projectDirPath = "";
			projectRoot = "";
			targets = (
				17923CA62406C9FC00C22FDE /* GroceriesTracker */,
				17923CBC2406C9FD00C22FDE /* GroceriesTrackerTests */,
				17923CC72406C9FD00C22FDE /* GroceriesTrackerUITests */,
			);
		};
/* End PBXProject section */

/* Begin PBXResourcesBuildPhase section */
		17923CA52406C9FC00C22FDE /* Resources */ = {
			isa = PBXResourcesBuildPhase;
			buildActionMask = 2147483647;
			files = (
				17923CB72406C9FD00C22FDE /* LaunchScreen.storyboard in Resources */,
				17923CB42406C9FD00C22FDE /* Assets.xcassets in Resources */,
				17923CB22406C9FC00C22FDE /* Main.storyboard in Resources */,
			);
			runOnlyForDeploymentPostprocessing = 0;
		};
		17923CBB2406C9FD00C22FDE /* Resources */ = {
			isa = PBXResourcesBuildPhase;
			buildActionMask = 2147483647;
			files = (
			);
			runOnlyForDeploymentPostprocessing = 0;
		};
		17923CC62406C9FD00C22FDE /* Resources */ = {
			isa = PBXResourcesBuildPhase;
			buildActionMask = 2147483647;
			files = (
			);
			runOnlyForDeploymentPostprocessing = 0;
		};
/* End PBXResourcesBuildPhase section */

/* Begin PBXSourcesBuildPhase section */
		17923CA32406C9FC00C22FDE /* Sources */ = {
			isa = PBXSourcesBuildPhase;
			buildActionMask = 2147483647;
			files = (
				17923CDB2406CABE00C22FDE /* TaskCell.swift in Sources */,
				17923CDD2406CAE300C22FDE /* AddTaskController.swift in Sources */,
				17923CAF2406C9FC00C22FDE /* ViewController.swift in Sources */,
				17923CAB2406C9FC00C22FDE /* AppDelegate.swift in Sources */,
				17923CAD2406C9FC00C22FDE /* SceneDelegate.swift in Sources */,
			);
			runOnlyForDeploymentPostprocessing = 0;
		};
		17923CB92406C9FD00C22FDE /* Sources */ = {
			isa = PBXSourcesBuildPhase;
			buildActionMask = 2147483647;
			files = (
				17923CC22406C9FD00C22FDE /* GroceriesTrackerTests.swift in Sources */,
			);
			runOnlyForDeploymentPostprocessing = 0;
		};
		17923CC42406C9FD00C22FDE /* Sources */ = {
			isa = PBXSourcesBuildPhase;
			buildActionMask = 2147483647;
			files = (
				17923CCD2406C9FD00C22FDE /* GroceriesTrackerUITests.swift in Sources */,
			);
			runOnlyForDeploymentPostprocessing = 0;
		};
/* End PBXSourcesBuildPhase section */

/* Begin PBXTargetDependency section */
		17923CBF2406C9FD00C22FDE /* PBXTargetDependency */ = {
			isa = PBXTargetDependency;
			target = 17923CA62406C9FC00C22FDE /* GroceriesTracker */;
			targetProxy = 17923CBE2406C9FD00C22FDE /* PBXContainerItemProxy */;
		};
		17923CCA2406C9FD00C22FDE /* PBXTargetDependency */ = {
			isa = PBXTargetDependency;
			target = 17923CA62406C9FC00C22FDE /* GroceriesTracker */;
			targetProxy = 17923CC92406C9FD00C22FDE /* PBXContainerItemProxy */;
		};
/* End PBXTargetDependency section */

/* Begin PBXVariantGroup section */
		17923CB02406C9FC00C22FDE /* Main.storyboard */ = {
			isa = PBXVariantGroup;
			children = (
				17923CB12406C9FC00C22FDE /* Base */,
			);
			name = Main.storyboard;
			sourceTree = "<group>";
		};
		17923CB52406C9FD00C22FDE /* LaunchScreen.storyboard */ = {
			isa = PBXVariantGroup;
			children = (
				17923CB62406C9FD00C22FDE /* Base */,
			);
			name = LaunchScreen.storyboard;
			sourceTree = "<group>";
		};
/* End PBXVariantGroup section */

/* Begin XCBuildConfiguration section */
		17923CCF2406C9FD00C22FDE /* Debug */ = {
			isa = XCBuildConfiguration;
			buildSettings = {
				ALWAYS_SEARCH_USER_PATHS = NO;
				CLANG_ANALYZER_NONNULL = YES;
				CLANG_ANALYZER_NUMBER_OBJECT_CONVERSION = YES_AGGRESSIVE;
				CLANG_CXX_LANGUAGE_STANDARD = "gnu++14";
				CLANG_CXX_LIBRARY = "libc++";
				CLANG_ENABLE_MODULES = YES;
				CLANG_ENABLE_OBJC_ARC = YES;
				CLANG_ENABLE_OBJC_WEAK = YES;
				CLANG_WARN_BLOCK_CAPTURE_AUTORELEASING = YES;
				CLANG_WARN_BOOL_CONVERSION = YES;
				CLANG_WARN_COMMA = YES;
				CLANG_WARN_CONSTANT_CONVERSION = YES;
				CLANG_WARN_DEPRECATED_OBJC_IMPLEMENTATIONS = YES;
				CLANG_WARN_DIRECT_OBJC_ISA_USAGE = YES_ERROR;
				CLANG_WARN_DOCUMENTATION_COMMENTS = YES;
				CLANG_WARN_EMPTY_BODY = YES;
				CLANG_WARN_ENUM_CONVERSION = YES;
				CLANG_WARN_INFINITE_RECURSION = YES;
				CLANG_WARN_INT_CONVERSION = YES;
				CLANG_WARN_NON_LITERAL_NULL_CONVERSION = YES;
				CLANG_WARN_OBJC_IMPLICIT_RETAIN_SELF = YES;
				CLANG_WARN_OBJC_LITERAL_CONVERSION = YES;
				CLANG_WARN_OBJC_ROOT_CLASS = YES_ERROR;
				CLANG_WARN_RANGE_LOOP_ANALYSIS = YES;
				CLANG_WARN_STRICT_PROTOTYPES = YES;
				CLANG_WARN_SUSPICIOUS_MOVE = YES;
				CLANG_WARN_UNGUARDED_AVAILABILITY = YES_AGGRESSIVE;
				CLANG_WARN_UNREACHABLE_CODE = YES;
				CLANG_WARN__DUPLICATE_METHOD_MATCH = YES;
				COPY_PHASE_STRIP = NO;
				DEBUG_INFORMATION_FORMAT = dwarf;
				ENABLE_STRICT_OBJC_MSGSEND = YES;
				ENABLE_TESTABILITY = YES;
				GCC_C_LANGUAGE_STANDARD = gnu11;
				GCC_DYNAMIC_NO_PIC = NO;
				GCC_NO_COMMON_BLOCKS = YES;
				GCC_OPTIMIZATION_LEVEL = 0;
				GCC_PREPROCESSOR_DEFINITIONS = (
					"DEBUG=1",
					"$(inherited)",
				);
				GCC_WARN_64_TO_32_BIT_CONVERSION = YES;
				GCC_WARN_ABOUT_RETURN_TYPE = YES_ERROR;
				GCC_WARN_UNDECLARED_SELECTOR = YES;
				GCC_WARN_UNINITIALIZED_AUTOS = YES_AGGRESSIVE;
				GCC_WARN_UNUSED_FUNCTION = YES;
				GCC_WARN_UNUSED_VARIABLE = YES;
				IPHONEOS_DEPLOYMENT_TARGET = 13.2;
				MTL_ENABLE_DEBUG_INFO = INCLUDE_SOURCE;
				MTL_FAST_MATH = YES;
				ONLY_ACTIVE_ARCH = YES;
				SDKROOT = iphoneos;
				SWIFT_ACTIVE_COMPILATION_CONDITIONS = DEBUG;
				SWIFT_OPTIMIZATION_LEVEL = "-Onone";
			};
			name = Debug;
		};
		17923CD02406C9FD00C22FDE /* Release */ = {
			isa = XCBuildConfiguration;
			buildSettings = {
				ALWAYS_SEARCH_USER_PATHS = NO;
				CLANG_ANALYZER_NONNULL = YES;
				CLANG_ANALYZER_NUMBER_OBJECT_CONVERSION = YES_AGGRESSIVE;
				CLANG_CXX_LANGUAGE_STANDARD = "gnu++14";
				CLANG_CXX_LIBRARY = "libc++";
				CLANG_ENABLE_MODULES = YES;
				CLANG_ENABLE_OBJC_ARC = YES;
				CLANG_ENABLE_OBJC_WEAK = YES;
				CLANG_WARN_BLOCK_CAPTURE_AUTORELEASING = YES;
				CLANG_WARN_BOOL_CONVERSION = YES;
				CLANG_WARN_COMMA = YES;
				CLANG_WARN_CONSTANT_CONVERSION = YES;
				CLANG_WARN_DEPRECATED_OBJC_IMPLEMENTATIONS = YES;
				CLANG_WARN_DIRECT_OBJC_ISA_USAGE = YES_ERROR;
				CLANG_WARN_DOCUMENTATION_COMMENTS = YES;
				CLANG_WARN_EMPTY_BODY = YES;
				CLANG_WARN_ENUM_CONVERSION = YES;
				CLANG_WARN_INFINITE_RECURSION = YES;
				CLANG_WARN_INT_CONVERSION = YES;
				CLANG_WARN_NON_LITERAL_NULL_CONVERSION = YES;
				CLANG_WARN_OBJC_IMPLICIT_RETAIN_SELF = YES;
				CLANG_WARN_OBJC_LITERAL_CONVERSION = YES;
				CLANG_WARN_OBJC_ROOT_CLASS = YES_ERROR;
				CLANG_WARN_RANGE_LOOP_ANALYSIS = YES;
				CLANG_WARN_STRICT_PROTOTYPES = YES;
				CLANG_WARN_SUSPICIOUS_MOVE = YES;
				CLANG_WARN_UNGUARDED_AVAILABILITY = YES_AGGRESSIVE;
				CLANG_WARN_UNREACHABLE_CODE = YES;
				CLANG_WARN__DUPLICATE_METHOD_MATCH = YES;
				COPY_PHASE_STRIP = NO;
				DEBUG_INFORMATION_FORMAT = "dwarf-with-dsym";
				ENABLE_NS_ASSERTIONS = NO;
				ENABLE_STRICT_OBJC_MSGSEND = YES;
				GCC_C_LANGUAGE_STANDARD = gnu11;
				GCC_NO_COMMON_BLOCKS = YES;
				GCC_WARN_64_TO_32_BIT_CONVERSION = YES;
				GCC_WARN_ABOUT_RETURN_TYPE = YES_ERROR;
				GCC_WARN_UNDECLARED_SELECTOR = YES;
				GCC_WARN_UNINITIALIZED_AUTOS = YES_AGGRESSIVE;
				GCC_WARN_UNUSED_FUNCTION = YES;
				GCC_WARN_UNUSED_VARIABLE = YES;
				IPHONEOS_DEPLOYMENT_TARGET = 13.2;
				MTL_ENABLE_DEBUG_INFO = NO;
				MTL_FAST_MATH = YES;
				SDKROOT = iphoneos;
				SWIFT_OPTIMIZATION_LEVEL = "-Owholemodule";
				VALIDATE_PRODUCT = YES;
			};
			name = Release;
		};
		17923CD22406C9FD00C22FDE /* Debug */ = {
			isa = XCBuildConfiguration;
			buildSettings = {
				ASSETCATALOG_COMPILER_APPICON_NAME = AppIcon;
				CODE_SIGN_STYLE = Automatic;
				INFOPLIST_FILE = GroceriesTracker/Info.plist;
				LD_RUNPATH_SEARCH_PATHS = "$(inherited) @executable_path/Frameworks";
				PRODUCT_BUNDLE_IDENTIFIER = IT363.GroceriesTracker;
				PRODUCT_NAME = "$(TARGET_NAME)";
				SWIFT_VERSION = 5.0;
				TARGETED_DEVICE_FAMILY = "1,2";
			};
			name = Debug;
		};
		17923CD32406C9FD00C22FDE /* Release */ = {
			isa = XCBuildConfiguration;
			buildSettings = {
				ASSETCATALOG_COMPILER_APPICON_NAME = AppIcon;
				CODE_SIGN_STYLE = Automatic;
				INFOPLIST_FILE = GroceriesTracker/Info.plist;
				LD_RUNPATH_SEARCH_PATHS = "$(inherited) @executable_path/Frameworks";
				PRODUCT_BUNDLE_IDENTIFIER = IT363.GroceriesTracker;
				PRODUCT_NAME = "$(TARGET_NAME)";
				SWIFT_VERSION = 5.0;
				TARGETED_DEVICE_FAMILY = "1,2";
			};
			name = Release;
		};
		17923CD52406C9FD00C22FDE /* Debug */ = {
			isa = XCBuildConfiguration;
			buildSettings = {
				ALWAYS_EMBED_SWIFT_STANDARD_LIBRARIES = YES;
				BUNDLE_LOADER = "$(TEST_HOST)";
				CODE_SIGN_STYLE = Automatic;
				INFOPLIST_FILE = GroceriesTrackerTests/Info.plist;
				IPHONEOS_DEPLOYMENT_TARGET = 13.2;
				LD_RUNPATH_SEARCH_PATHS = "$(inherited) @executable_path/Frameworks @loader_path/Frameworks";
				PRODUCT_BUNDLE_IDENTIFIER = IT363.GroceriesTrackerTests;
				PRODUCT_NAME = "$(TARGET_NAME)";
				SWIFT_VERSION = 5.0;
				TARGETED_DEVICE_FAMILY = "1,2";
				TEST_HOST = "$(BUILT_PRODUCTS_DIR)/GroceriesTracker.app/GroceriesTracker";
			};
			name = Debug;
		};
		17923CD62406C9FD00C22FDE /* Release */ = {
			isa = XCBuildConfiguration;
			buildSettings = {
				ALWAYS_EMBED_SWIFT_STANDARD_LIBRARIES = YES;
				BUNDLE_LOADER = "$(TEST_HOST)";
				CODE_SIGN_STYLE = Automatic;
				INFOPLIST_FILE = GroceriesTrackerTests/Info.plist;
				IPHONEOS_DEPLOYMENT_TARGET = 13.2;
				LD_RUNPATH_SEARCH_PATHS = "$(inherited) @executable_path/Frameworks @loader_path/Frameworks";
				PRODUCT_BUNDLE_IDENTIFIER = IT363.GroceriesTrackerTests;
				PRODUCT_NAME = "$(TARGET_NAME)";
				SWIFT_VERSION = 5.0;
				TARGETED_DEVICE_FAMILY = "1,2";
				TEST_HOST = "$(BUILT_PRODUCTS_DIR)/GroceriesTracker.app/GroceriesTracker";
			};
			name = Release;
		};
		17923CD82406C9FD00C22FDE /* Debug */ = {
			isa = XCBuildConfiguration;
			buildSettings = {
				ALWAYS_EMBED_SWIFT_STANDARD_LIBRARIES = YES;
				CODE_SIGN_STYLE = Automatic;
				INFOPLIST_FILE = GroceriesTrackerUITests/Info.plist;
				LD_RUNPATH_SEARCH_PATHS = "$(inherited) @executable_path/Frameworks @loader_path/Frameworks";
				PRODUCT_BUNDLE_IDENTIFIER = IT363.GroceriesTrackerUITests;
				PRODUCT_NAME = "$(TARGET_NAME)";
				SWIFT_VERSION = 5.0;
				TARGETED_DEVICE_FAMILY = "1,2";
				TEST_TARGET_NAME = GroceriesTracker;
			};
			name = Debug;
		};
		17923CD92406C9FD00C22FDE /* Release */ = {
			isa = XCBuildConfiguration;
			buildSettings = {
				ALWAYS_EMBED_SWIFT_STANDARD_LIBRARIES = YES;
				CODE_SIGN_STYLE = Automatic;
				INFOPLIST_FILE = GroceriesTrackerUITests/Info.plist;
				LD_RUNPATH_SEARCH_PATHS = "$(inherited) @executable_path/Frameworks @loader_path/Frameworks";
				PRODUCT_BUNDLE_IDENTIFIER = IT363.GroceriesTrackerUITests;
				PRODUCT_NAME = "$(TARGET_NAME)";
				SWIFT_VERSION = 5.0;
				TARGETED_DEVICE_FAMILY = "1,2";
				TEST_TARGET_NAME = GroceriesTracker;
			};
			name = Release;
		};
/* End XCBuildConfiguration section */

/* Begin XCConfigurationList section */
		17923CA22406C9FC00C22FDE /* Build configuration list for PBXProject "GroceriesTracker" */ = {
			isa = XCConfigurationList;
			buildConfigurations = (
				17923CCF2406C9FD00C22FDE /* Debug */,
				17923CD02406C9FD00C22FDE /* Release */,
			);
			defaultConfigurationIsVisible = 0;
			defaultConfigurationName = Release;
		};
		17923CD12406C9FD00C22FDE /* Build configuration list for PBXNativeTarget "GroceriesTracker" */ = {
			isa = XCConfigurationList;
			buildConfigurations = (
				17923CD22406C9FD00C22FDE /* Debug */,
				17923CD32406C9FD00C22FDE /* Release */,
			);
			defaultConfigurationIsVisible = 0;
			defaultConfigurationName = Release;
		};
		17923CD42406C9FD00C22FDE /* Build configuration list for PBXNativeTarget "GroceriesTrackerTests" */ = {
			isa = XCConfigurationList;
			buildConfigurations = (
				17923CD52406C9FD00C22FDE /* Debug */,
				17923CD62406C9FD00C22FDE /* Release */,
			);
			defaultConfigurationIsVisible = 0;
			defaultConfigurationName = Release;
		};
		17923CD72406C9FD00C22FDE /* Build configuration list for PBXNativeTarget "GroceriesTrackerUITests" */ = {
			isa = XCConfigurationList;
			buildConfigurations = (
				17923CD82406C9FD00C22FDE /* Debug */,
				17923CD92406C9FD00C22FDE /* Release */,
			);
			defaultConfigurationIsVisible = 0;
			defaultConfigurationName = Release;
		};
/* End XCConfigurationList section */
	};
	rootObject = 17923C9F2406C9FC00C22FDE /* Project object */;
}
